// !$*UTF8*$!
{
	archiveVersion = 1;
	classes = {
	};
	objectVersion = 77;
	objects = {

/* Begin PBXContainerItemProxy section */
		0BFD79F62DA3B5AB00331BA7 /* PBXContainerItemProxy */ = {
			isa = PBXContainerItemProxy;
			containerPortal = 0BFD79D92DA3B5A900331BA7 /* Project object */;
			proxyType = 1;
			remoteGlobalIDString = 0BFD79E02DA3B5A900331BA7;
			remoteInfo = iShnakiOS;
		};
		0BFD7A002DA3B5AB00331BA7 /* PBXContainerItemProxy */ = {
			isa = PBXContainerItemProxy;
			containerPortal = 0BFD79D92DA3B5A900331BA7 /* Project object */;
			proxyType = 1;
			remoteGlobalIDString = 0BFD79E02DA3B5A900331BA7;
			remoteInfo = iShnakiOS;
		};
/* End PBXContainerItemProxy section */

/* Begin PBXFileReference section */
		0BFD79E12DA3B5A900331BA7 /* iShnakiOS.app */ = {isa = PBXFileReference; explicitFileType = wrapper.application; includeInIndex = 0; path = iShnakiOS.app; sourceTree = BUILT_PRODUCTS_DIR; };
		0BFD79F52DA3B5AB00331BA7 /* iShnakiOSTests.xctest */ = {isa = PBXFileReference; explicitFileType = wrapper.cfbundle; includeInIndex = 0; path = iShnakiOSTests.xctest; sourceTree = BUILT_PRODUCTS_DIR; };
		0BFD79FF2DA3B5AB00331BA7 /* iShnakiOSUITests.xctest */ = {isa = PBXFileReference; explicitFileType = wrapper.cfbundle; includeInIndex = 0; path = iShnakiOSUITests.xctest; sourceTree = BUILT_PRODUCTS_DIR; };
/* End PBXFileReference section */

/* Begin PBXFileSystemSynchronizedBuildFileExceptionSet section */
		0BFD7A072DA3B5AB00331BA7 /* Exceptions for "iShnakiOS" folder in "iShnakiOS" target */ = {
			isa = PBXFileSystemSynchronizedBuildFileExceptionSet;
			membershipExceptions = (
				Info.plist,
			);
			target = 0BFD79E02DA3B5A900331BA7 /* iShnakiOS */;
		};
/* End PBXFileSystemSynchronizedBuildFileExceptionSet section */

/* Begin PBXFileSystemSynchronizedRootGroup section */
		0BFD79E32DA3B5A900331BA7 /* iShnakiOS */ = {
			isa = PBXFileSystemSynchronizedRootGroup;
			exceptions = (
				0BFD7A072DA3B5AB00331BA7 /* Exceptions for "iShnakiOS" folder in "iShnakiOS" target */,
			);
			path = iShnakiOS;
			sourceTree = "<group>";
		};
		0BFD79F82DA3B5AB00331BA7 /* iShnakiOSTests */ = {
			isa = PBXFileSystemSynchronizedRootGroup;
			path = iShnakiOSTests;
			sourceTree = "<group>";
		};
		0BFD7A022DA3B5AB00331BA7 /* iShnakiOSUITests */ = {
			isa = PBXFileSystemSynchronizedRootGroup;
			path = iShnakiOSUITests;
			sourceTree = "<group>";
		};
/* End PBXFileSystemSynchronizedRootGroup section */

/* Begin PBXFrameworksBuildPhase section */
		0BFD79DE2DA3B5A900331BA7 /* Frameworks */ = {
			isa = PBXFrameworksBuildPhase;
			buildActionMask = 2147483647;
			files = (
			);
			runOnlyForDeploymentPostprocessing = 0;
		};
		0BFD79F22DA3B5AB00331BA7 /* Frameworks */ = {
			isa = PBXFrameworksBuildPhase;
			buildActionMask = 2147483647;
			files = (
			);
			runOnlyForDeploymentPostprocessing = 0;
		};
		0BFD79FC2DA3B5AB00331BA7 /* Frameworks */ = {
			isa = PBXFrameworksBuildPhase;
			buildActionMask = 2147483647;
			files = (
			);
			runOnlyForDeploymentPostprocessing = 0;
		};
/* End PBXFrameworksBuildPhase section */

/* Begin PBXGroup section */
		0BFD79D82DA3B5A900331BA7 = {
			isa = PBXGroup;
			children = (
				0BFD79E32DA3B5A900331BA7 /* iShnakiOS */,
				0BFD79F82DA3B5AB00331BA7 /* iShnakiOSTests */,
				0BFD7A022DA3B5AB00331BA7 /* iShnakiOSUITests */,
				0BFD79E22DA3B5A900331BA7 /* Products */,
			);
			sourceTree = "<group>";
		};
		0BFD79E22DA3B5A900331BA7 /* Products */ = {
			isa = PBXGroup;
			children = (
				0BFD79E12DA3B5A900331BA7 /* iShnakiOS.app */,
				0BFD79F52DA3B5AB00331BA7 /* iShnakiOSTests.xctest */,
				0BFD79FF2DA3B5AB00331BA7 /* iShnakiOSUITests.xctest */,
			);
			name = Products;
			sourceTree = "<group>";
		};
/* End PBXGroup section */

/* Begin PBXNativeTarget section */
		0BFD79E02DA3B5A900331BA7 /* iShnakiOS */ = {
			isa = PBXNativeTarget;
			buildConfigurationList = 0BFD7A082DA3B5AB00331BA7 /* Build configuration list for PBXNativeTarget "iShnakiOS" */;
			buildPhases = (
				0BFD79DD2DA3B5A900331BA7 /* Sources */,
				0BFD79DE2DA3B5A900331BA7 /* Frameworks */,
				0BFD79DF2DA3B5A900331BA7 /* Resources */,
			);
			buildRules = (
			);
			dependencies = (
			);
			fileSystemSynchronizedGroups = (
				0BFD79E32DA3B5A900331BA7 /* iShnakiOS */,
			);
			name = iShnakiOS;
			packageProductDependencies = (
			);
			productName = iShnakiOS;
			productReference = 0BFD79E12DA3B5A900331BA7 /* iShnakiOS.app */;
			productType = "com.apple.product-type.application";
		};
		0BFD79F42DA3B5AB00331BA7 /* iShnakiOSTests */ = {
			isa = PBXNativeTarget;
			buildConfigurationList = 0BFD7A0D2DA3B5AB00331BA7 /* Build configuration list for PBXNativeTarget "iShnakiOSTests" */;
			buildPhases = (
				0BFD79F12DA3B5AB00331BA7 /* Sources */,
				0BFD79F22DA3B5AB00331BA7 /* Frameworks */,
				0BFD79F32DA3B5AB00331BA7 /* Resources */,
			);
			buildRules = (
			);
			dependencies = (
				0BFD79F72DA3B5AB00331BA7 /* PBXTargetDependency */,
			);
			fileSystemSynchronizedGroups = (
				0BFD79F82DA3B5AB00331BA7 /* iShnakiOSTests */,
			);
			name = iShnakiOSTests;
			packageProductDependencies = (
			);
			productName = iShnakiOSTests;
			productReference = 0BFD79F52DA3B5AB00331BA7 /* iShnakiOSTests.xctest */;
			productType = "com.apple.product-type.bundle.unit-test";
		};
		0BFD79FE2DA3B5AB00331BA7 /* iShnakiOSUITests */ = {
			isa = PBXNativeTarget;
			buildConfigurationList = 0BFD7A102DA3B5AB00331BA7 /* Build configuration list for PBXNativeTarget "iShnakiOSUITests" */;
			buildPhases = (
				0BFD79FB2DA3B5AB00331BA7 /* Sources */,
				0BFD79FC2DA3B5AB00331BA7 /* Frameworks */,
				0BFD79FD2DA3B5AB00331BA7 /* Resources */,
			);
			buildRules = (
			);
			dependencies = (
				0BFD7A012DA3B5AB00331BA7 /* PBXTargetDependency */,
			);
			fileSystemSynchronizedGroups = (
				0BFD7A022DA3B5AB00331BA7 /* iShnakiOSUITests */,
			);
			name = iShnakiOSUITests;
			packageProductDependencies = (
			);
			productName = iShnakiOSUITests;
			productReference = 0BFD79FF2DA3B5AB00331BA7 /* iShnakiOSUITests.xctest */;
			productType = "com.apple.product-type.bundle.ui-testing";
		};
/* End PBXNativeTarget section */

/* Begin PBXProject section */
		0BFD79D92DA3B5A900331BA7 /* Project object */ = {
			isa = PBXProject;
			attributes = {
				BuildIndependentTargetsInParallel = 1;
				LastSwiftUpdateCheck = 1620;
				LastUpgradeCheck = 1630;
				TargetAttributes = {
					0BFD79E02DA3B5A900331BA7 = {
						CreatedOnToolsVersion = 16.2;
					};
					0BFD79F42DA3B5AB00331BA7 = {
						CreatedOnToolsVersion = 16.2;
						TestTargetID = 0BFD79E02DA3B5A900331BA7;
					};
					0BFD79FE2DA3B5AB00331BA7 = {
						CreatedOnToolsVersion = 16.2;
						TestTargetID = 0BFD79E02DA3B5A900331BA7;
					};
				};
			};
			buildConfigurationList = 0BFD79DC2DA3B5A900331BA7 /* Build configuration list for PBXProject "iShnakiOS" */;
			developmentRegion = en;
			hasScannedForEncodings = 0;
			knownRegions = (
				en,
				Base,
			);
			mainGroup = 0BFD79D82DA3B5A900331BA7;
			minimizedProjectReferenceProxies = 1;
			preferredProjectObjectVersion = 77;
			productRefGroup = 0BFD79E22DA3B5A900331BA7 /* Products */;
			projectDirPath = "";
			projectRoot = "";
			targets = (
				0BFD79E02DA3B5A900331BA7 /* iShnakiOS */,
				0BFD79F42DA3B5AB00331BA7 /* iShnakiOSTests */,
				0BFD79FE2DA3B5AB00331BA7 /* iShnakiOSUITests */,
			);
		};
/* End PBXProject section */

/* Begin PBXResourcesBuildPhase section */
		0BFD79DF2DA3B5A900331BA7 /* Resources */ = {
			isa = PBXResourcesBuildPhase;
			buildActionMask = 2147483647;
			files = (
			);
			runOnlyForDeploymentPostprocessing = 0;
		};
		0BFD79F32DA3B5AB00331BA7 /* Resources */ = {
			isa = PBXResourcesBuildPhase;
			buildActionMask = 2147483647;
			files = (
			);
			runOnlyForDeploymentPostprocessing = 0;
		};
		0BFD79FD2DA3B5AB00331BA7 /* Resources */ = {
			isa = PBXResourcesBuildPhase;
			buildActionMask = 2147483647;
			files = (
			);
			runOnlyForDeploymentPostprocessing = 0;
		};
/* End PBXResourcesBuildPhase section */

/* Begin PBXSourcesBuildPhase section */
		0BFD79DD2DA3B5A900331BA7 /* Sources */ = {
			isa = PBXSourcesBuildPhase;
			buildActionMask = 2147483647;
			files = (
			);
			runOnlyForDeploymentPostprocessing = 0;
		};
		0BFD79F12DA3B5AB00331BA7 /* Sources */ = {
			isa = PBXSourcesBuildPhase;
			buildActionMask = 2147483647;
			files = (
			);
			runOnlyForDeploymentPostprocessing = 0;
		};
		0BFD79FB2DA3B5AB00331BA7 /* Sources */ = {
			isa = PBXSourcesBuildPhase;
			buildActionMask = 2147483647;
			files = (
			);
			runOnlyForDeploymentPostprocessing = 0;
		};
/* End PBXSourcesBuildPhase section */

/* Begin PBXTargetDependency section */
		0BFD79F72DA3B5AB00331BA7 /* PBXTargetDependency */ = {
			isa = PBXTargetDependency;
			target = 0BFD79E02DA3B5A900331BA7 /* iShnakiOS */;
			targetProxy = 0BFD79F62DA3B5AB00331BA7 /* PBXContainerItemProxy */;
		};
		0BFD7A012DA3B5AB00331BA7 /* PBXTargetDependency */ = {
			isa = PBXTargetDependency;
			target = 0BFD79E02DA3B5A900331BA7 /* iShnakiOS */;
			targetProxy = 0BFD7A002DA3B5AB00331BA7 /* PBXContainerItemProxy */;
		};
/* End PBXTargetDependency section */

/* Begin XCBuildConfiguration section */
		0BFD7A092DA3B5AB00331BA7 /* Debug */ = {
			isa = XCBuildConfiguration;
			buildSettings = {
				ASSETCATALOG_COMPILER_APPICON_NAME = AppIcon;
				ASSETCATALOG_COMPILER_GLOBAL_ACCENT_COLOR_NAME = AccentColor;
				CODE_SIGN_ENTITLEMENTS = iShnakiOS/iShnakiOS.entitlements;
				CODE_SIGN_STYLE = Automatic;
				CURRENT_PROJECT_VERSION = 1;
				DEVELOPMENT_ASSET_PATHS = "\"iShnakiOS/Preview Content\"";
				ENABLE_PREVIEWS = YES;
				GENERATE_INFOPLIST_FILE = YES;
				INFOPLIST_FILE = iShnakiOS/Info.plist;
				INFOPLIST_KEY_NSHealthShareUsageDescription = "Please allow access to register your activity and step count.";
				INFOPLIST_KEY_UIApplicationSceneManifest_Generation = YES;
				INFOPLIST_KEY_UIApplicationSupportsIndirectInputEvents = YES;
				INFOPLIST_KEY_UILaunchScreen_Generation = YES;
				INFOPLIST_KEY_UISupportedInterfaceOrientations_iPad = "UIInterfaceOrientationPortrait UIInterfaceOrientationPortraitUpsideDown UIInterfaceOrientationLandscapeLeft UIInterfaceOrientationLandscapeRight";
				INFOPLIST_KEY_UISupportedInterfaceOrientations_iPhone = "UIInterfaceOrientationPortrait UIInterfaceOrientationLandscapeLeft UIInterfaceOrientationLandscapeRight";
				LD_RUNPATH_SEARCH_PATHS = (
					"$(inherited)",
					"@executable_path/Frameworks",
				);
				MARKETING_VERSION = 1.0;
				PRODUCT_BUNDLE_IDENTIFIER = WillowSaysWhat.iShnakiOS;
				PRODUCT_NAME = "$(TARGET_NAME)";
				SWIFT_EMIT_LOC_STRINGS = YES;
				SWIFT_VERSION = 5.0;
				TARGETED_DEVICE_FAMILY = "1,2";
			};
			name = Debug;
		};
		0BFD7A0A2DA3B5AB00331BA7 /* Release */ = {
			isa = XCBuildConfiguration;
			buildSettings = {
				ASSETCATALOG_COMPILER_APPICON_NAME = AppIcon;
				ASSETCATALOG_COMPILER_GLOBAL_ACCENT_COLOR_NAME = AccentColor;
				CODE_SIGN_ENTITLEMENTS = iShnakiOS/iShnakiOS.entitlements;
				CODE_SIGN_STYLE = Automatic;
				CURRENT_PROJECT_VERSION = 1;
				DEVELOPMENT_ASSET_PATHS = "\"iShnakiOS/Preview Content\"";
				ENABLE_PREVIEWS = YES;
				GENERATE_INFOPLIST_FILE = YES;
				INFOPLIST_FILE = iShnakiOS/Info.plist;
				INFOPLIST_KEY_NSHealthShareUsageDescription = "Please allow access to register your activity and step count.";
				INFOPLIST_KEY_UIApplicationSceneManifest_Generation = YES;
				INFOPLIST_KEY_UIApplicationSupportsIndirectInputEvents = YES;
				INFOPLIST_KEY_UILaunchScreen_Generation = YES;
				INFOPLIST_KEY_UISupportedInterfaceOrientations_iPad = "UIInterfaceOrientationPortrait UIInterfaceOrientationPortraitUpsideDown UIInterfaceOrientationLandscapeLeft UIInterfaceOrientationLandscapeRight";
				INFOPLIST_KEY_UISupportedInterfaceOrientations_iPhone = "UIInterfaceOrientationPortrait UIInterfaceOrientationLandscapeLeft UIInterfaceOrientationLandscapeRight";
				LD_RUNPATH_SEARCH_PATHS = (
					"$(inherited)",
					"@executable_path/Frameworks",
				);
				MARKETING_VERSION = 1.0;
				PRODUCT_BUNDLE_IDENTIFIER = WillowSaysWhat.iShnakiOS;
				PRODUCT_NAME = "$(TARGET_NAME)";
				SWIFT_EMIT_LOC_STRINGS = YES;
				SWIFT_VERSION = 5.0;
				TARGETED_DEVICE_FAMILY = "1,2";
			};
			name = Release;
		};
		0BFD7A0B2DA3B5AB00331BA7 /* Debug */ = {
			isa = XCBuildConfiguration;
			buildSettings = {
				ALWAYS_SEARCH_USER_PATHS = NO;
				ASSETCATALOG_COMPILER_GENERATE_SWIFT_ASSET_SYMBOL_EXTENSIONS = YES;
				CLANG_ANALYZER_NONNULL = YES;
				CLANG_ANALYZER_NUMBER_OBJECT_CONVERSION = YES_AGGRESSIVE;
				CLANG_CXX_LANGUAGE_STANDARD = "gnu++20";
				CLANG_ENABLE_MODULES = YES;
				CLANG_ENABLE_OBJC_ARC = YES;
				CLANG_ENABLE_OBJC_WEAK = YES;
				CLANG_WARN_BLOCK_CAPTURE_AUTORELEASING = YES;
				CLANG_WARN_BOOL_CONVERSION = YES;
				CLANG_WARN_COMMA = YES;
				CLANG_WARN_CONSTANT_CONVERSION = YES;
				CLANG_WARN_DEPRECATED_OBJC_IMPLEMENTATIONS = YES;
				CLANG_WARN_DIRECT_OBJC_ISA_USAGE = YES_ERROR;
				CLANG_WARN_DOCUMENTATION_COMMENTS = YES;
				CLANG_WARN_EMPTY_BODY = YES;
				CLANG_WARN_ENUM_CONVERSION = YES;
				CLANG_WARN_INFINITE_RECURSION = YES;
				CLANG_WARN_INT_CONVERSION = YES;
				CLANG_WARN_NON_LITERAL_NULL_CONVERSION = YES;
				CLANG_WARN_OBJC_IMPLICIT_RETAIN_SELF = YES;
				CLANG_WARN_OBJC_LITERAL_CONVERSION = YES;
				CLANG_WARN_OBJC_ROOT_CLASS = YES_ERROR;
				CLANG_WARN_QUOTED_INCLUDE_IN_FRAMEWORK_HEADER = YES;
				CLANG_WARN_RANGE_LOOP_ANALYSIS = YES;
				CLANG_WARN_STRICT_PROTOTYPES = YES;
				CLANG_WARN_SUSPICIOUS_MOVE = YES;
				CLANG_WARN_UNGUARDED_AVAILABILITY = YES_AGGRESSIVE;
				CLANG_WARN_UNREACHABLE_CODE = YES;
				CLANG_WARN__DUPLICATE_METHOD_MATCH = YES;
				COPY_PHASE_STRIP = NO;
				DEBUG_INFORMATION_FORMAT = dwarf;
				DEVELOPMENT_TEAM = 94WNU99F48;
				ENABLE_STRICT_OBJC_MSGSEND = YES;
				ENABLE_TESTABILITY = YES;
				ENABLE_USER_SCRIPT_SANDBOXING = YES;
				GCC_C_LANGUAGE_STANDARD = gnu17;
				GCC_DYNAMIC_NO_PIC = NO;
				GCC_NO_COMMON_BLOCKS = YES;
				GCC_OPTIMIZATION_LEVEL = 0;
				GCC_PREPROCESSOR_DEFINITIONS = (
					"DEBUG=1",
					"$(inherited)",
				);
				GCC_WARN_64_TO_32_BIT_CONVERSION = YES;
				GCC_WARN_ABOUT_RETURN_TYPE = YES_ERROR;
				GCC_WARN_UNDECLARED_SELECTOR = YES;
				GCC_WARN_UNINITIALIZED_AUTOS = YES_AGGRESSIVE;
				GCC_WARN_UNUSED_FUNCTION = YES;
				GCC_WARN_UNUSED_VARIABLE = YES;
				IPHONEOS_DEPLOYMENT_TARGET = 18.2;
				LOCALIZATION_PREFERS_STRING_CATALOGS = YES;
				MTL_ENABLE_DEBUG_INFO = INCLUDE_SOURCE;
				MTL_FAST_MATH = YES;
				ONLY_ACTIVE_ARCH = YES;
				SDKROOT = iphoneos;
				SWIFT_ACTIVE_COMPILATION_CONDITIONS = "DEBUG $(inherited)";
				SWIFT_OPTIMIZATION_LEVEL = "-Onone";
			};
			name = Debug;
		};
		0BFD7A0C2DA3B5AB00331BA7 /* Release */ = {
			isa = XCBuildConfiguration;
			buildSettings = {
				ALWAYS_SEARCH_USER_PATHS = NO;
				ASSETCATALOG_COMPILER_GENERATE_SWIFT_ASSET_SYMBOL_EXTENSIONS = YES;
				CLANG_ANALYZER_NONNULL = YES;
				CLANG_ANALYZER_NUMBER_OBJECT_CONVERSION = YES_AGGRESSIVE;
				CLANG_CXX_LANGUAGE_STANDARD = "gnu++20";
				CLANG_ENABLE_MODULES = YES;
				CLANG_ENABLE_OBJC_ARC = YES;
				CLANG_ENABLE_OBJC_WEAK = YES;
				CLANG_WARN_BLOCK_CAPTURE_AUTORELEASING = YES;
				CLANG_WARN_BOOL_CONVERSION = YES;
				CLANG_WARN_COMMA = YES;
				CLANG_WARN_CONSTANT_CONVERSION = YES;
				CLANG_WARN_DEPRECATED_OBJC_IMPLEMENTATIONS = YES;
				CLANG_WARN_DIRECT_OBJC_ISA_USAGE = YES_ERROR;
				CLANG_WARN_DOCUMENTATION_COMMENTS = YES;
				CLANG_WARN_EMPTY_BODY = YES;
				CLANG_WARN_ENUM_CONVERSION = YES;
				CLANG_WARN_INFINITE_RECURSION = YES;
				CLANG_WARN_INT_CONVERSION = YES;
				CLANG_WARN_NON_LITERAL_NULL_CONVERSION = YES;
				CLANG_WARN_OBJC_IMPLICIT_RETAIN_SELF = YES;
				CLANG_WARN_OBJC_LITERAL_CONVERSION = YES;
				CLANG_WARN_OBJC_ROOT_CLASS = YES_ERROR;
				CLANG_WARN_QUOTED_INCLUDE_IN_FRAMEWORK_HEADER = YES;
				CLANG_WARN_RANGE_LOOP_ANALYSIS = YES;
				CLANG_WARN_STRICT_PROTOTYPES = YES;
				CLANG_WARN_SUSPICIOUS_MOVE = YES;
				CLANG_WARN_UNGUARDED_AVAILABILITY = YES_AGGRESSIVE;
				CLANG_WARN_UNREACHABLE_CODE = YES;
				CLANG_WARN__DUPLICATE_METHOD_MATCH = YES;
				COPY_PHASE_STRIP = NO;
				DEBUG_INFORMATION_FORMAT = "dwarf-with-dsym";
				DEVELOPMENT_TEAM = 94WNU99F48;
				ENABLE_NS_ASSERTIONS = NO;
				ENABLE_STRICT_OBJC_MSGSEND = YES;
				ENABLE_USER_SCRIPT_SANDBOXING = YES;
				GCC_C_LANGUAGE_STANDARD = gnu17;
				GCC_NO_COMMON_BLOCKS = YES;
				GCC_WARN_64_TO_32_BIT_CONVERSION = YES;
				GCC_WARN_ABOUT_RETURN_TYPE = YES_ERROR;
				GCC_WARN_UNDECLARED_SELECTOR = YES;
				GCC_WARN_UNINITIALIZED_AUTOS = YES_AGGRESSIVE;
				GCC_WARN_UNUSED_FUNCTION = YES;
				GCC_WARN_UNUSED_VARIABLE = YES;
				IPHONEOS_DEPLOYMENT_TARGET = 18.2;
				LOCALIZATION_PREFERS_STRING_CATALOGS = YES;
				MTL_ENABLE_DEBUG_INFO = NO;
				MTL_FAST_MATH = YES;
				SDKROOT = iphoneos;
				SWIFT_COMPILATION_MODE = wholemodule;
				VALIDATE_PRODUCT = YES;
			};
			name = Release;
		};
		0BFD7A0E2DA3B5AB00331BA7 /* Debug */ = {
			isa = XCBuildConfiguration;
			buildSettings = {
				BUNDLE_LOADER = "$(TEST_HOST)";
				CODE_SIGN_STYLE = Automatic;
				CURRENT_PROJECT_VERSION = 1;
				GENERATE_INFOPLIST_FILE = YES;
				IPHONEOS_DEPLOYMENT_TARGET = 18.2;
				MARKETING_VERSION = 1.0;
				PRODUCT_BUNDLE_IDENTIFIER = WillowSaysWhat.iShnakiOSTests;
				PRODUCT_NAME = "$(TARGET_NAME)";
				SWIFT_EMIT_LOC_STRINGS = NO;
				SWIFT_VERSION = 5.0;
				TARGETED_DEVICE_FAMILY = "1,2";
				TEST_HOST = "$(BUILT_PRODUCTS_DIR)/iShnakiOS.app/$(BUNDLE_EXECUTABLE_FOLDER_PATH)/iShnakiOS";
			};
			name = Debug;
		};
		0BFD7A0F2DA3B5AB00331BA7 /* Release */ = {
			isa = XCBuildConfiguration;
			buildSettings = {
				BUNDLE_LOADER = "$(TEST_HOST)";
				CODE_SIGN_STYLE = Automatic;
				CURRENT_PROJECT_VERSION = 1;
				GENERATE_INFOPLIST_FILE = YES;
				IPHONEOS_DEPLOYMENT_TARGET = 18.2;
				MARKETING_VERSION = 1.0;
				PRODUCT_BUNDLE_IDENTIFIER = WillowSaysWhat.iShnakiOSTests;
				PRODUCT_NAME = "$(TARGET_NAME)";
				SWIFT_EMIT_LOC_STRINGS = NO;
				SWIFT_VERSION = 5.0;
				TARGETED_DEVICE_FAMILY = "1,2";
				TEST_HOST = "$(BUILT_PRODUCTS_DIR)/iShnakiOS.app/$(BUNDLE_EXECUTABLE_FOLDER_PATH)/iShnakiOS";
			};
			name = Release;
		};
		0BFD7A112DA3B5AB00331BA7 /* Debug */ = {
			isa = XCBuildConfiguration;
			buildSettings = {
				CODE_SIGN_STYLE = Automatic;
				CURRENT_PROJECT_VERSION = 1;
				GENERATE_INFOPLIST_FILE = YES;
				MARKETING_VERSION = 1.0;
				PRODUCT_BUNDLE_IDENTIFIER = WillowSaysWhat.iShnakiOSUITests;
				PRODUCT_NAME = "$(TARGET_NAME)";
				SWIFT_EMIT_LOC_STRINGS = NO;
				SWIFT_VERSION = 5.0;
				TARGETED_DEVICE_FAMILY = "1,2";
				TEST_TARGET_NAME = iShnakiOS;
			};
			name = Debug;
		};
		0BFD7A122DA3B5AB00331BA7 /* Release */ = {
			isa = XCBuildConfiguration;
			buildSettings = {
				CODE_SIGN_STYLE = Automatic;
				CURRENT_PROJECT_VERSION = 1;
				GENERATE_INFOPLIST_FILE = YES;
				MARKETING_VERSION = 1.0;
				PRODUCT_BUNDLE_IDENTIFIER = WillowSaysWhat.iShnakiOSUITests;
				PRODUCT_NAME = "$(TARGET_NAME)";
				SWIFT_EMIT_LOC_STRINGS = NO;
				SWIFT_VERSION = 5.0;
				TARGETED_DEVICE_FAMILY = "1,2";
				TEST_TARGET_NAME = iShnakiOS;
			};
			name = Release;
		};
/* End XCBuildConfiguration section */

/* Begin XCConfigurationList section */
		0BFD79DC2DA3B5A900331BA7 /* Build configuration list for PBXProject "iShnakiOS" */ = {
			isa = XCConfigurationList;
			buildConfigurations = (
				0BFD7A0B2DA3B5AB00331BA7 /* Debug */,
				0BFD7A0C2DA3B5AB00331BA7 /* Release */,
			);
			defaultConfigurationIsVisible = 0;
			defaultConfigurationName = Release;
		};
		0BFD7A082DA3B5AB00331BA7 /* Build configuration list for PBXNativeTarget "iShnakiOS" */ = {
			isa = XCConfigurationList;
			buildConfigurations = (
				0BFD7A092DA3B5AB00331BA7 /* Debug */,
				0BFD7A0A2DA3B5AB00331BA7 /* Release */,
			);
			defaultConfigurationIsVisible = 0;
			defaultConfigurationName = Release;
		};
		0BFD7A0D2DA3B5AB00331BA7 /* Build configuration list for PBXNativeTarget "iShnakiOSTests" */ = {
			isa = XCConfigurationList;
			buildConfigurations = (
				0BFD7A0E2DA3B5AB00331BA7 /* Debug */,
				0BFD7A0F2DA3B5AB00331BA7 /* Release */,
			);
			defaultConfigurationIsVisible = 0;
			defaultConfigurationName = Release;
		};
		0BFD7A102DA3B5AB00331BA7 /* Build configuration list for PBXNativeTarget "iShnakiOSUITests" */ = {
			isa = XCConfigurationList;
			buildConfigurations = (
				0BFD7A112DA3B5AB00331BA7 /* Debug */,
				0BFD7A122DA3B5AB00331BA7 /* Release */,
			);
			defaultConfigurationIsVisible = 0;
			defaultConfigurationName = Release;
		};
/* End XCConfigurationList section */
	};
	rootObject = 0BFD79D92DA3B5A900331BA7 /* Project object */;
}
